
Microsoft Visual Studio Solution File, Format Version 12.00
# Visual Studio 15
VisualStudioVersion = 15.0.28307.1800
MinimumVisualStudioVersion = 10.0.40219.1
Project("{FAE04EC0-301F-11D3-BF4B-00C04F79EFBC}") = "Covid1-9_Risk_Assement", "Patient_Registration\Covid1-9_Risk_Assement.csproj", "{82EC0FCD-23BC-4326-96F1-19C04AB86A61}"
EndProject
Project("{FAE04EC0-301F-11D3-BF4B-00C04F79EFBC}") = "XUnitTestProject1", "XUnitTestProject1\XUnitTestProject1.csproj", "{F62D8016-8619-4850-B283-A6A151AA6FA3}"
EndProject
Global
	GlobalSection(SolutionConfigurationPlatforms) = preSolution
		Debug|Any CPU = Debug|Any CPU
		Release|Any CPU = Release|Any CPU
	EndGlobalSection
	GlobalSection(ProjectConfigurationPlatforms) = postSolution
		{82EC0FCD-23BC-4326-96F1-19C04AB86A61}.Debug|Any CPU.ActiveCfg = Debug|Any CPU
		{82EC0FCD-23BC-4326-96F1-19C04AB86A61}.Debug|Any CPU.Build.0 = Debug|Any CPU
		{82EC0FCD-23BC-4326-96F1-19C04AB86A61}.Release|Any CPU.ActiveCfg = Release|Any CPU
		{82EC0FCD-23BC-4326-96F1-19C04AB86A61}.Release|Any CPU.Build.0 = Release|Any CPU
		{F62D8016-8619-4850-B283-A6A151AA6FA3}.Debug|Any CPU.ActiveCfg = Debug|Any CPU
		{F62D8016-8619-4850-B283-A6A151AA6FA3}.Debug|Any CPU.Build.0 = Debug|Any CPU
		{F62D8016-8619-4850-B283-A6A151AA6FA3}.Release|Any CPU.ActiveCfg = Release|Any CPU
		{F62D8016-8619-4850-B283-A6A151AA6FA3}.Release|Any CPU.Build.0 = Release|Any CPU
	EndGlobalSection
	GlobalSection(SolutionProperties) = preSolution
		HideSolutionNode = FALSE
	EndGlobalSection
	GlobalSection(ExtensibilityGlobals) = postSolution
		SolutionGuid = {5FE4DCB2-06FB-460A-ADF1-AB06976A1159}
	EndGlobalSection
EndGlobal
